// !$*UTF8*$!
{
	archiveVersion = 1;
	classes = {
	};
	objectVersion = 50;
	objects = {

/* Begin PBXBuildFile section */
		098461BC24FA178000953BB4 /* PhotoThumbnailCollectionViewCell.swift in Sources */ = {isa = PBXBuildFile; fileRef = 098461BB24FA178000953BB4 /* PhotoThumbnailCollectionViewCell.swift */; };
		098461BE24FA184700953BB4 /* LibraryViewModel.swift in Sources */ = {isa = PBXBuildFile; fileRef = 098461BD24FA184700953BB4 /* LibraryViewModel.swift */; };
		098461C124FA211100953BB4 /* LibraryViewController.swift in Sources */ = {isa = PBXBuildFile; fileRef = 098461C024FA211100953BB4 /* LibraryViewController.swift */; };
		09E120E224F8C3FB0019344A /* FolderTableViewCell.swift in Sources */ = {isa = PBXBuildFile; fileRef = 09E120E124F8C3FB0019344A /* FolderTableViewCell.swift */; };
		09E120E424F8E6660019344A /* AlbumViewController.swift in Sources */ = {isa = PBXBuildFile; fileRef = 09E120E324F8E6660019344A /* AlbumViewController.swift */; };
		09F6712624F4DD0400C329BA /* AppDelegate.swift in Sources */ = {isa = PBXBuildFile; fileRef = 09F6712524F4DD0400C329BA /* AppDelegate.swift */; };
		09F6712824F4DD0400C329BA /* SceneDelegate.swift in Sources */ = {isa = PBXBuildFile; fileRef = 09F6712724F4DD0400C329BA /* SceneDelegate.swift */; };
		09F6712A24F4DD0400C329BA /* LockViewController.swift in Sources */ = {isa = PBXBuildFile; fileRef = 09F6712924F4DD0400C329BA /* LockViewController.swift */; };
		09F6712D24F4DD0400C329BA /* Main.storyboard in Resources */ = {isa = PBXBuildFile; fileRef = 09F6712B24F4DD0400C329BA /* Main.storyboard */; };
		09F6712F24F4DD0500C329BA /* Assets.xcassets in Resources */ = {isa = PBXBuildFile; fileRef = 09F6712E24F4DD0500C329BA /* Assets.xcassets */; };
		09F6713224F4DD0500C329BA /* LaunchScreen.storyboard in Resources */ = {isa = PBXBuildFile; fileRef = 09F6713024F4DD0500C329BA /* LaunchScreen.storyboard */; };
		09F6714324F4F1A100C329BA /* PresetColors.swift in Sources */ = {isa = PBXBuildFile; fileRef = 09F6714224F4F1A100C329BA /* PresetColors.swift */; };
		09F6714624F5FF8C00C329BA /* TimeModel.swift in Sources */ = {isa = PBXBuildFile; fileRef = 09F6714524F5FF8C00C329BA /* TimeModel.swift */; };
		09F6714824F62EA900C329BA /* DisplayLinkHelper.swift in Sources */ = {isa = PBXBuildFile; fileRef = 09F6714724F62EA900C329BA /* DisplayLinkHelper.swift */; };
		09F6714A24F6391B00C329BA /* MainViewController.swift in Sources */ = {isa = PBXBuildFile; fileRef = 09F6714924F6391B00C329BA /* MainViewController.swift */; };
		6C217DCB2521DAA7007205FD /* PhotoCollectionViewCell.swift in Sources */ = {isa = PBXBuildFile; fileRef = 6C217DCA2521DAA7007205FD /* PhotoCollectionViewCell.swift */; };
		6C217DCE2521DB11007205FD /* PhotoCollectionViewController.swift in Sources */ = {isa = PBXBuildFile; fileRef = 6C217DCD2521DB11007205FD /* PhotoCollectionViewController.swift */; };
		6C217DD12521DCC1007205FD /* PreviewCollectionViewController.swift in Sources */ = {isa = PBXBuildFile; fileRef = 6C217DD02521DCC1007205FD /* PreviewCollectionViewController.swift */; };
		6C83F7E52521C1AD00B4B479 /* SheetViewController.swift in Sources */ = {isa = PBXBuildFile; fileRef = 6C83F7E42521C1AD00B4B479 /* SheetViewController.swift */; };
		6CAD1F2B251B1C2A003B7B72 /* CoreModel.xcdatamodeld in Sources */ = {isa = PBXBuildFile; fileRef = 6CAD1F29251B1C2A003B7B72 /* CoreModel.xcdatamodeld */; };
		6CAD1F34251B2AFA003B7B72 /* Photo+CoreDataClass.swift in Sources */ = {isa = PBXBuildFile; fileRef = 6CAD1F30251B2AFA003B7B72 /* Photo+CoreDataClass.swift */; };
		6CAD1F35251B2AFA003B7B72 /* Photo+CoreDataProperties.swift in Sources */ = {isa = PBXBuildFile; fileRef = 6CAD1F31251B2AFA003B7B72 /* Photo+CoreDataProperties.swift */; };
		6CAD1F36251B2AFA003B7B72 /* Album+CoreDataClass.swift in Sources */ = {isa = PBXBuildFile; fileRef = 6CAD1F32251B2AFA003B7B72 /* Album+CoreDataClass.swift */; };
		6CAD1F37251B2AFA003B7B72 /* Album+CoreDataProperties.swift in Sources */ = {isa = PBXBuildFile; fileRef = 6CAD1F33251B2AFA003B7B72 /* Album+CoreDataProperties.swift */; };
		6CAD1F3A251B32AA003B7B72 /* FolderManager.swift in Sources */ = {isa = PBXBuildFile; fileRef = 6CAD1F39251B32AA003B7B72 /* FolderManager.swift */; };
		6CD18081251AFD790088066A /* TimePlateView.swift in Sources */ = {isa = PBXBuildFile; fileRef = 6CD18080251AFD790088066A /* TimePlateView.swift */; };
		6CD18085251AFF030088066A /* AlbumManager.swift in Sources */ = {isa = PBXBuildFile; fileRef = 6CD18084251AFF030088066A /* AlbumManager.swift */; };
		6CE8622A251DE5D000008358 /* PopViewController.swift in Sources */ = {isa = PBXBuildFile; fileRef = 6CE86229251DE5D000008358 /* PopViewController.swift */; };
		6CE8622D252094D400008358 /* Presets.swift in Sources */ = {isa = PBXBuildFile; fileRef = 6CE8622C252094D400008358 /* Presets.swift */; };
		6CE862302520D26500008358 /* GalleryViewController.swift in Sources */ = {isa = PBXBuildFile; fileRef = 6CE8622F2520D26500008358 /* GalleryViewController.swift */; };
		D5930B47603ED8ED0EBFF2D3 /* libPods-Clock.a in Frameworks */ = {isa = PBXBuildFile; fileRef = 80E3668EB69E3FA014C53B42 /* libPods-Clock.a */; };
/* End PBXBuildFile section */

/* Begin PBXFileReference section */
		098461BB24FA178000953BB4 /* PhotoThumbnailCollectionViewCell.swift */ = {isa = PBXFileReference; lastKnownFileType = sourcecode.swift; path = PhotoThumbnailCollectionViewCell.swift; sourceTree = "<group>"; };
		098461BD24FA184700953BB4 /* LibraryViewModel.swift */ = {isa = PBXFileReference; lastKnownFileType = sourcecode.swift; path = LibraryViewModel.swift; sourceTree = "<group>"; };
		098461C024FA211100953BB4 /* LibraryViewController.swift */ = {isa = PBXFileReference; lastKnownFileType = sourcecode.swift; path = LibraryViewController.swift; sourceTree = "<group>"; };
		09E120E124F8C3FB0019344A /* FolderTableViewCell.swift */ = {isa = PBXFileReference; lastKnownFileType = sourcecode.swift; path = FolderTableViewCell.swift; sourceTree = "<group>"; };
		09E120E324F8E6660019344A /* AlbumViewController.swift */ = {isa = PBXFileReference; lastKnownFileType = sourcecode.swift; path = AlbumViewController.swift; sourceTree = "<group>"; };
		09F6712224F4DD0400C329BA /* Clock.app */ = {isa = PBXFileReference; explicitFileType = wrapper.application; includeInIndex = 0; path = Clock.app; sourceTree = BUILT_PRODUCTS_DIR; };
		09F6712524F4DD0400C329BA /* AppDelegate.swift */ = {isa = PBXFileReference; lastKnownFileType = sourcecode.swift; path = AppDelegate.swift; sourceTree = "<group>"; };
		09F6712724F4DD0400C329BA /* SceneDelegate.swift */ = {isa = PBXFileReference; lastKnownFileType = sourcecode.swift; path = SceneDelegate.swift; sourceTree = "<group>"; };
		09F6712924F4DD0400C329BA /* LockViewController.swift */ = {isa = PBXFileReference; lastKnownFileType = sourcecode.swift; path = LockViewController.swift; sourceTree = "<group>"; };
		09F6712C24F4DD0400C329BA /* Base */ = {isa = PBXFileReference; lastKnownFileType = file.storyboard; name = Base; path = Base.lproj/Main.storyboard; sourceTree = "<group>"; };
		09F6712E24F4DD0500C329BA /* Assets.xcassets */ = {isa = PBXFileReference; lastKnownFileType = folder.assetcatalog; path = Assets.xcassets; sourceTree = "<group>"; };
		09F6713124F4DD0500C329BA /* Base */ = {isa = PBXFileReference; lastKnownFileType = file.storyboard; name = Base; path = Base.lproj/LaunchScreen.storyboard; sourceTree = "<group>"; };
		09F6713324F4DD0500C329BA /* Info.plist */ = {isa = PBXFileReference; lastKnownFileType = text.plist.xml; path = Info.plist; sourceTree = "<group>"; };
		09F6714224F4F1A100C329BA /* PresetColors.swift */ = {isa = PBXFileReference; lastKnownFileType = sourcecode.swift; path = PresetColors.swift; sourceTree = "<group>"; };
		09F6714524F5FF8C00C329BA /* TimeModel.swift */ = {isa = PBXFileReference; lastKnownFileType = sourcecode.swift; path = TimeModel.swift; sourceTree = "<group>"; };
		09F6714724F62EA900C329BA /* DisplayLinkHelper.swift */ = {isa = PBXFileReference; lastKnownFileType = sourcecode.swift; path = DisplayLinkHelper.swift; sourceTree = "<group>"; };
		09F6714924F6391B00C329BA /* MainViewController.swift */ = {isa = PBXFileReference; lastKnownFileType = sourcecode.swift; path = MainViewController.swift; sourceTree = "<group>"; };
		60FF66C011FABA89A5ADB513 /* Pods-Clock.debug.xcconfig */ = {isa = PBXFileReference; includeInIndex = 1; lastKnownFileType = text.xcconfig; name = "Pods-Clock.debug.xcconfig"; path = "Target Support Files/Pods-Clock/Pods-Clock.debug.xcconfig"; sourceTree = "<group>"; };
		6B5A8DEE6717B61CD2EE9130 /* Pods-Clock.release.xcconfig */ = {isa = PBXFileReference; includeInIndex = 1; lastKnownFileType = text.xcconfig; name = "Pods-Clock.release.xcconfig"; path = "Target Support Files/Pods-Clock/Pods-Clock.release.xcconfig"; sourceTree = "<group>"; };
		6C217DCA2521DAA7007205FD /* PhotoCollectionViewCell.swift */ = {isa = PBXFileReference; lastKnownFileType = sourcecode.swift; path = PhotoCollectionViewCell.swift; sourceTree = "<group>"; };
		6C217DCD2521DB11007205FD /* PhotoCollectionViewController.swift */ = {isa = PBXFileReference; lastKnownFileType = sourcecode.swift; path = PhotoCollectionViewController.swift; sourceTree = "<group>"; };
		6C217DD02521DCC1007205FD /* PreviewCollectionViewController.swift */ = {isa = PBXFileReference; lastKnownFileType = sourcecode.swift; path = PreviewCollectionViewController.swift; sourceTree = "<group>"; };
		6C83F7E42521C1AD00B4B479 /* SheetViewController.swift */ = {isa = PBXFileReference; lastKnownFileType = sourcecode.swift; path = SheetViewController.swift; sourceTree = "<group>"; };
		6CAD1F2A251B1C2A003B7B72 /* AlbumModel.xcdatamodel */ = {isa = PBXFileReference; lastKnownFileType = wrapper.xcdatamodel; path = AlbumModel.xcdatamodel; sourceTree = "<group>"; };
		6CAD1F30251B2AFA003B7B72 /* Photo+CoreDataClass.swift */ = {isa = PBXFileReference; lastKnownFileType = sourcecode.swift; path = "Photo+CoreDataClass.swift"; sourceTree = "<group>"; };
		6CAD1F31251B2AFA003B7B72 /* Photo+CoreDataProperties.swift */ = {isa = PBXFileReference; lastKnownFileType = sourcecode.swift; path = "Photo+CoreDataProperties.swift"; sourceTree = "<group>"; };
		6CAD1F32251B2AFA003B7B72 /* Album+CoreDataClass.swift */ = {isa = PBXFileReference; lastKnownFileType = sourcecode.swift; path = "Album+CoreDataClass.swift"; sourceTree = "<group>"; };
		6CAD1F33251B2AFA003B7B72 /* Album+CoreDataProperties.swift */ = {isa = PBXFileReference; lastKnownFileType = sourcecode.swift; path = "Album+CoreDataProperties.swift"; sourceTree = "<group>"; };
		6CAD1F39251B32AA003B7B72 /* FolderManager.swift */ = {isa = PBXFileReference; lastKnownFileType = sourcecode.swift; path = FolderManager.swift; sourceTree = "<group>"; };
		6CD18080251AFD790088066A /* TimePlateView.swift */ = {isa = PBXFileReference; fileEncoding = 4; lastKnownFileType = sourcecode.swift; path = TimePlateView.swift; sourceTree = "<group>"; };
		6CD18084251AFF030088066A /* AlbumManager.swift */ = {isa = PBXFileReference; lastKnownFileType = sourcecode.swift; path = AlbumManager.swift; sourceTree = "<group>"; };
		6CE86229251DE5D000008358 /* PopViewController.swift */ = {isa = PBXFileReference; lastKnownFileType = sourcecode.swift; path = PopViewController.swift; sourceTree = "<group>"; };
		6CE8622C252094D400008358 /* Presets.swift */ = {isa = PBXFileReference; lastKnownFileType = sourcecode.swift; path = Presets.swift; sourceTree = "<group>"; };
		6CE8622F2520D26500008358 /* GalleryViewController.swift */ = {isa = PBXFileReference; lastKnownFileType = sourcecode.swift; path = GalleryViewController.swift; sourceTree = "<group>"; };
		80E3668EB69E3FA014C53B42 /* libPods-Clock.a */ = {isa = PBXFileReference; explicitFileType = archive.ar; includeInIndex = 0; path = "libPods-Clock.a"; sourceTree = BUILT_PRODUCTS_DIR; };
/* End PBXFileReference section */

/* Begin PBXFrameworksBuildPhase section */
		09F6711F24F4DD0400C329BA /* Frameworks */ = {
			isa = PBXFrameworksBuildPhase;
			buildActionMask = 2147483647;
			files = (
				D5930B47603ED8ED0EBFF2D3 /* libPods-Clock.a in Frameworks */,
			);
			runOnlyForDeploymentPostprocessing = 0;
		};
/* End PBXFrameworksBuildPhase section */

/* Begin PBXGroup section */
		098461BF24FA20D000953BB4 /* Album */ = {
			isa = PBXGroup;
			children = (
				6CD1807C251AFD0D0088066A /* Reusable */,
				09E120E324F8E6660019344A /* AlbumViewController.swift */,
				6CD18084251AFF030088066A /* AlbumManager.swift */,
				098461C224FA214500953BB4 /* Local */,
			);
			path = Album;
			sourceTree = "<group>";
		};
		098461C224FA214500953BB4 /* Local */ = {
			isa = PBXGroup;
			children = (
				098461C024FA211100953BB4 /* LibraryViewController.swift */,
				098461BD24FA184700953BB4 /* LibraryViewModel.swift */,
			);
			path = Local;
			sourceTree = "<group>";
		};
		09E120E024F8C3C30019344A /* Miscs */ = {
			isa = PBXGroup;
			children = (
				09F6712E24F4DD0500C329BA /* Assets.xcassets */,
				09F6713024F4DD0500C329BA /* LaunchScreen.storyboard */,
				09F6713324F4DD0500C329BA /* Info.plist */,
			);
			path = Miscs;
			sourceTree = "<group>";
		};
		09F6711924F4DD0400C329BA = {
			isa = PBXGroup;
			children = (
				09F6712424F4DD0400C329BA /* Clock */,
				09F6712324F4DD0400C329BA /* Products */,
				C1E66B65BBDFC162EF1F3BE3 /* Pods */,
				FD2A2C0757AB82CD0AF0FF42 /* Frameworks */,
			);
			sourceTree = "<group>";
		};
		09F6712324F4DD0400C329BA /* Products */ = {
			isa = PBXGroup;
			children = (
				09F6712224F4DD0400C329BA /* Clock.app */,
			);
			name = Products;
			sourceTree = "<group>";
		};
		09F6712424F4DD0400C329BA /* Clock */ = {
			isa = PBXGroup;
			children = (
				09F6712524F4DD0400C329BA /* AppDelegate.swift */,
				09F6712724F4DD0400C329BA /* SceneDelegate.swift */,
				6CAD1F29251B1C2A003B7B72 /* CoreModel.xcdatamodeld */,
				6CAD1F38251B3202003B7B72 /* CoreData */,
				09E120E024F8C3C30019344A /* Miscs */,
				09F6714124F4F18A00C329BA /* Tools */,
				6CE86226251DE57200008358 /* Widgets */,
				6CD1807D251AFD2A0088066A /* Lock */,
				6CD18082251AFD950088066A /* Main */,
				098461BF24FA20D000953BB4 /* Album */,
				6CE8622E2520D24700008358 /* Gallery */,
			);
			path = Clock;
			sourceTree = "<group>";
		};
		09F6714124F4F18A00C329BA /* Tools */ = {
			isa = PBXGroup;
			children = (
				09F6714224F4F1A100C329BA /* PresetColors.swift */,
				09F6714724F62EA900C329BA /* DisplayLinkHelper.swift */,
				6CE8622C252094D400008358 /* Presets.swift */,
			);
			path = Tools;
			sourceTree = "<group>";
		};
		09F6714424F5FF4B00C329BA /* Time */ = {
			isa = PBXGroup;
			children = (
				6CD18080251AFD790088066A /* TimePlateView.swift */,
				09F6714524F5FF8C00C329BA /* TimeModel.swift */,
			);
			path = Time;
			sourceTree = "<group>";
		};
		6C217DC82521D96C007205FD /* Reusable */ = {
			isa = PBXGroup;
			children = (
				6C217DCA2521DAA7007205FD /* PhotoCollectionViewCell.swift */,
			);
			path = Reusable;
			sourceTree = "<group>";
		};
		6CAD1F38251B3202003B7B72 /* CoreData */ = {
			isa = PBXGroup;
			children = (
				6CAD1F30251B2AFA003B7B72 /* Photo+CoreDataClass.swift */,
				6CAD1F31251B2AFA003B7B72 /* Photo+CoreDataProperties.swift */,
				6CAD1F32251B2AFA003B7B72 /* Album+CoreDataClass.swift */,
				6CAD1F33251B2AFA003B7B72 /* Album+CoreDataProperties.swift */,
			);
			path = CoreData;
			sourceTree = "<group>";
		};
		6CD1807C251AFD0D0088066A /* Reusable */ = {
			isa = PBXGroup;
			children = (
				098461BB24FA178000953BB4 /* PhotoThumbnailCollectionViewCell.swift */,
			);
			path = Reusable;
			sourceTree = "<group>";
		};
		6CD1807D251AFD2A0088066A /* Lock */ = {
			isa = PBXGroup;
			children = (
				09F6714424F5FF4B00C329BA /* Time */,
				09F6712924F4DD0400C329BA /* LockViewController.swift */,
			);
			path = Lock;
			sourceTree = "<group>";
		};
		6CD18082251AFD950088066A /* Main */ = {
			isa = PBXGroup;
			children = (
				6CD18083251AFDA10088066A /* Reusable */,
				09F6712B24F4DD0400C329BA /* Main.storyboard */,
				09F6714924F6391B00C329BA /* MainViewController.swift */,
				6CAD1F39251B32AA003B7B72 /* FolderManager.swift */,
			);
			path = Main;
			sourceTree = "<group>";
		};
		6CD18083251AFDA10088066A /* Reusable */ = {
			isa = PBXGroup;
			children = (
				09E120E124F8C3FB0019344A /* FolderTableViewCell.swift */,
			);
			path = Reusable;
			sourceTree = "<group>";
		};
		6CE86226251DE57200008358 /* Widgets */ = {
			isa = PBXGroup;
			children = (
				6CE86229251DE5D000008358 /* PopViewController.swift */,
				6C83F7E42521C1AD00B4B479 /* SheetViewController.swift */,
			);
			path = Widgets;
			sourceTree = "<group>";
		};
		6CE8622E2520D24700008358 /* Gallery */ = {
			isa = PBXGroup;
			children = (
				6C217DC82521D96C007205FD /* Reusable */,
				6CE8622F2520D26500008358 /* GalleryViewController.swift */,
				6C217DCD2521DB11007205FD /* PhotoCollectionViewController.swift */,
				6C217DD02521DCC1007205FD /* PreviewCollectionViewController.swift */,
			);
			path = Gallery;
			sourceTree = "<group>";
		};
		C1E66B65BBDFC162EF1F3BE3 /* Pods */ = {
			isa = PBXGroup;
			children = (
				60FF66C011FABA89A5ADB513 /* Pods-Clock.debug.xcconfig */,
				6B5A8DEE6717B61CD2EE9130 /* Pods-Clock.release.xcconfig */,
			);
			name = Pods;
			path = Pods;
			sourceTree = "<group>";
		};
		FD2A2C0757AB82CD0AF0FF42 /* Frameworks */ = {
			isa = PBXGroup;
			children = (
				80E3668EB69E3FA014C53B42 /* libPods-Clock.a */,
			);
			name = Frameworks;
			sourceTree = "<group>";
		};
/* End PBXGroup section */

/* Begin PBXNativeTarget section */
		09F6712124F4DD0400C329BA /* Clock */ = {
			isa = PBXNativeTarget;
			buildConfigurationList = 09F6713624F4DD0500C329BA /* Build configuration list for PBXNativeTarget "Clock" */;
			buildPhases = (
				BAF702EAF60316C7017DB5E5 /* [CP] Check Pods Manifest.lock */,
				09F6711E24F4DD0400C329BA /* Sources */,
				09F6711F24F4DD0400C329BA /* Frameworks */,
				09F6712024F4DD0400C329BA /* Resources */,
				B86E91BF6CBFC6B4ABA7FDE3 /* [CP] Copy Pods Resources */,
			);
			buildRules = (
			);
			dependencies = (
			);
			name = Clock;
			productName = Clock;
			productReference = 09F6712224F4DD0400C329BA /* Clock.app */;
			productType = "com.apple.product-type.application";
		};
/* End PBXNativeTarget section */

/* Begin PBXProject section */
		09F6711A24F4DD0400C329BA /* Project object */ = {
			isa = PBXProject;
			attributes = {
				LastSwiftUpdateCheck = 1160;
				LastUpgradeCheck = 1200;
				ORGANIZATIONNAME = "LiLi Kazine";
				TargetAttributes = {
					09F6712124F4DD0400C329BA = {
						CreatedOnToolsVersion = 11.6;
					};
				};
			};
			buildConfigurationList = 09F6711D24F4DD0400C329BA /* Build configuration list for PBXProject "Clock" */;
			compatibilityVersion = "Xcode 9.3";
			developmentRegion = en;
			hasScannedForEncodings = 0;
			knownRegions = (
				en,
				Base,
			);
			mainGroup = 09F6711924F4DD0400C329BA;
			productRefGroup = 09F6712324F4DD0400C329BA /* Products */;
			projectDirPath = "";
			projectRoot = "";
			targets = (
				09F6712124F4DD0400C329BA /* Clock */,
			);
		};
/* End PBXProject section */

/* Begin PBXResourcesBuildPhase section */
		09F6712024F4DD0400C329BA /* Resources */ = {
			isa = PBXResourcesBuildPhase;
			buildActionMask = 2147483647;
			files = (
				09F6713224F4DD0500C329BA /* LaunchScreen.storyboard in Resources */,
				09F6712F24F4DD0500C329BA /* Assets.xcassets in Resources */,
				09F6712D24F4DD0400C329BA /* Main.storyboard in Resources */,
			);
			runOnlyForDeploymentPostprocessing = 0;
		};
/* End PBXResourcesBuildPhase section */

/* Begin PBXShellScriptBuildPhase section */
		B86E91BF6CBFC6B4ABA7FDE3 /* [CP] Copy Pods Resources */ = {
			isa = PBXShellScriptBuildPhase;
			buildActionMask = 2147483647;
			files = (
			);
			inputFileListPaths = (
				"${PODS_ROOT}/Target Support Files/Pods-Clock/Pods-Clock-resources-${CONFIGURATION}-input-files.xcfilelist",
			);
			name = "[CP] Copy Pods Resources";
			outputFileListPaths = (
				"${PODS_ROOT}/Target Support Files/Pods-Clock/Pods-Clock-resources-${CONFIGURATION}-output-files.xcfilelist",
			);
			runOnlyForDeploymentPostprocessing = 0;
			shellPath = /bin/sh;
			shellScript = "\"${PODS_ROOT}/Target Support Files/Pods-Clock/Pods-Clock-resources.sh\"\n";
			showEnvVarsInLog = 0;
		};
		BAF702EAF60316C7017DB5E5 /* [CP] Check Pods Manifest.lock */ = {
			isa = PBXShellScriptBuildPhase;
			buildActionMask = 2147483647;
			files = (
			);
			inputFileListPaths = (
			);
			inputPaths = (
				"${PODS_PODFILE_DIR_PATH}/Podfile.lock",
				"${PODS_ROOT}/Manifest.lock",
			);
			name = "[CP] Check Pods Manifest.lock";
			outputFileListPaths = (
			);
			outputPaths = (
				"$(DERIVED_FILE_DIR)/Pods-Clock-checkManifestLockResult.txt",
			);
			runOnlyForDeploymentPostprocessing = 0;
			shellPath = /bin/sh;
			shellScript = "diff \"${PODS_PODFILE_DIR_PATH}/Podfile.lock\" \"${PODS_ROOT}/Manifest.lock\" > /dev/null\nif [ $? != 0 ] ; then\n    # print error to STDERR\n    echo \"error: The sandbox is not in sync with the Podfile.lock. Run 'pod install' or update your CocoaPods installation.\" >&2\n    exit 1\nfi\n# This output is used by Xcode 'outputs' to avoid re-running this script phase.\necho \"SUCCESS\" > \"${SCRIPT_OUTPUT_FILE_0}\"\n";
			showEnvVarsInLog = 0;
		};
/* End PBXShellScriptBuildPhase section */

/* Begin PBXSourcesBuildPhase section */
		09F6711E24F4DD0400C329BA /* Sources */ = {
			isa = PBXSourcesBuildPhase;
			buildActionMask = 2147483647;
			files = (
				6C217DD12521DCC1007205FD /* PreviewCollectionViewController.swift in Sources */,
				098461BE24FA184700953BB4 /* LibraryViewModel.swift in Sources */,
				09F6714324F4F1A100C329BA /* PresetColors.swift in Sources */,
				6CE8622A251DE5D000008358 /* PopViewController.swift in Sources */,
				6CAD1F34251B2AFA003B7B72 /* Photo+CoreDataClass.swift in Sources */,
				6CAD1F37251B2AFA003B7B72 /* Album+CoreDataProperties.swift in Sources */,
				09F6714A24F6391B00C329BA /* MainViewController.swift in Sources */,
				6C217DCB2521DAA7007205FD /* PhotoCollectionViewCell.swift in Sources */,
				09F6712A24F4DD0400C329BA /* LockViewController.swift in Sources */,
				6CAD1F35251B2AFA003B7B72 /* Photo+CoreDataProperties.swift in Sources */,
				6CE8622D252094D400008358 /* Presets.swift in Sources */,
				09F6712624F4DD0400C329BA /* AppDelegate.swift in Sources */,
				09E120E224F8C3FB0019344A /* FolderTableViewCell.swift in Sources */,
				6CAD1F3A251B32AA003B7B72 /* FolderManager.swift in Sources */,
				6C83F7E52521C1AD00B4B479 /* SheetViewController.swift in Sources */,
				09E120E424F8E6660019344A /* AlbumViewController.swift in Sources */,
				6C217DCE2521DB11007205FD /* PhotoCollectionViewController.swift in Sources */,
				09F6714624F5FF8C00C329BA /* TimeModel.swift in Sources */,
				6CD18081251AFD790088066A /* TimePlateView.swift in Sources */,
				6CAD1F36251B2AFA003B7B72 /* Album+CoreDataClass.swift in Sources */,
				6CAD1F2B251B1C2A003B7B72 /* CoreModel.xcdatamodeld in Sources */,
				09F6714824F62EA900C329BA /* DisplayLinkHelper.swift in Sources */,
				098461BC24FA178000953BB4 /* PhotoThumbnailCollectionViewCell.swift in Sources */,
				6CE862302520D26500008358 /* GalleryViewController.swift in Sources */,
				6CD18085251AFF030088066A /* AlbumManager.swift in Sources */,
				09F6712824F4DD0400C329BA /* SceneDelegate.swift in Sources */,
				098461C124FA211100953BB4 /* LibraryViewController.swift in Sources */,
			);
			runOnlyForDeploymentPostprocessing = 0;
		};
/* End PBXSourcesBuildPhase section */

/* Begin PBXVariantGroup section */
		09F6712B24F4DD0400C329BA /* Main.storyboard */ = {
			isa = PBXVariantGroup;
			children = (
				09F6712C24F4DD0400C329BA /* Base */,
			);
			name = Main.storyboard;
			sourceTree = "<group>";
		};
		09F6713024F4DD0500C329BA /* LaunchScreen.storyboard */ = {
			isa = PBXVariantGroup;
			children = (
				09F6713124F4DD0500C329BA /* Base */,
			);
			name = LaunchScreen.storyboard;
			sourceTree = "<group>";
		};
/* End PBXVariantGroup section */

/* Begin XCBuildConfiguration section */
		09F6713424F4DD0500C329BA /* Debug */ = {
			isa = XCBuildConfiguration;
			buildSettings = {
				ALWAYS_SEARCH_USER_PATHS = NO;
				CLANG_ANALYZER_NONNULL = YES;
				CLANG_ANALYZER_NUMBER_OBJECT_CONVERSION = YES_AGGRESSIVE;
				CLANG_CXX_LANGUAGE_STANDARD = "gnu++14";
				CLANG_CXX_LIBRARY = "libc++";
				CLANG_ENABLE_MODULES = YES;
				CLANG_ENABLE_OBJC_ARC = YES;
				CLANG_ENABLE_OBJC_WEAK = YES;
				CLANG_WARN_BLOCK_CAPTURE_AUTORELEASING = YES;
				CLANG_WARN_BOOL_CONVERSION = YES;
				CLANG_WARN_COMMA = YES;
				CLANG_WARN_CONSTANT_CONVERSION = YES;
				CLANG_WARN_DEPRECATED_OBJC_IMPLEMENTATIONS = YES;
				CLANG_WARN_DIRECT_OBJC_ISA_USAGE = YES_ERROR;
				CLANG_WARN_DOCUMENTATION_COMMENTS = YES;
				CLANG_WARN_EMPTY_BODY = YES;
				CLANG_WARN_ENUM_CONVERSION = YES;
				CLANG_WARN_INFINITE_RECURSION = YES;
				CLANG_WARN_INT_CONVERSION = YES;
				CLANG_WARN_NON_LITERAL_NULL_CONVERSION = YES;
				CLANG_WARN_OBJC_IMPLICIT_RETAIN_SELF = YES;
				CLANG_WARN_OBJC_LITERAL_CONVERSION = YES;
				CLANG_WARN_OBJC_ROOT_CLASS = YES_ERROR;
				CLANG_WARN_QUOTED_INCLUDE_IN_FRAMEWORK_HEADER = YES;
				CLANG_WARN_RANGE_LOOP_ANALYSIS = YES;
				CLANG_WARN_STRICT_PROTOTYPES = YES;
				CLANG_WARN_SUSPICIOUS_MOVE = YES;
				CLANG_WARN_UNGUARDED_AVAILABILITY = YES_AGGRESSIVE;
				CLANG_WARN_UNREACHABLE_CODE = YES;
				CLANG_WARN__DUPLICATE_METHOD_MATCH = YES;
				COPY_PHASE_STRIP = NO;
				DEBUG_INFORMATION_FORMAT = dwarf;
				ENABLE_STRICT_OBJC_MSGSEND = YES;
				ENABLE_TESTABILITY = YES;
				GCC_C_LANGUAGE_STANDARD = gnu11;
				GCC_DYNAMIC_NO_PIC = NO;
				GCC_NO_COMMON_BLOCKS = YES;
				GCC_OPTIMIZATION_LEVEL = 0;
				GCC_PREPROCESSOR_DEFINITIONS = (
					"DEBUG=1",
					"$(inherited)",
				);
				GCC_WARN_64_TO_32_BIT_CONVERSION = YES;
				GCC_WARN_ABOUT_RETURN_TYPE = YES_ERROR;
				GCC_WARN_UNDECLARED_SELECTOR = YES;
				GCC_WARN_UNINITIALIZED_AUTOS = YES_AGGRESSIVE;
				GCC_WARN_UNUSED_FUNCTION = YES;
				GCC_WARN_UNUSED_VARIABLE = YES;
				IPHONEOS_DEPLOYMENT_TARGET = 13.6;
				MTL_ENABLE_DEBUG_INFO = INCLUDE_SOURCE;
				MTL_FAST_MATH = YES;
				ONLY_ACTIVE_ARCH = YES;
				SDKROOT = iphoneos;
				SWIFT_ACTIVE_COMPILATION_CONDITIONS = DEBUG;
				SWIFT_OPTIMIZATION_LEVEL = "-Onone";
			};
			name = Debug;
		};
		09F6713524F4DD0500C329BA /* Release */ = {
			isa = XCBuildConfiguration;
			buildSettings = {
				ALWAYS_SEARCH_USER_PATHS = NO;
				CLANG_ANALYZER_NONNULL = YES;
				CLANG_ANALYZER_NUMBER_OBJECT_CONVERSION = YES_AGGRESSIVE;
				CLANG_CXX_LANGUAGE_STANDARD = "gnu++14";
				CLANG_CXX_LIBRARY = "libc++";
				CLANG_ENABLE_MODULES = YES;
				CLANG_ENABLE_OBJC_ARC = YES;
				CLANG_ENABLE_OBJC_WEAK = YES;
				CLANG_WARN_BLOCK_CAPTURE_AUTORELEASING = YES;
				CLANG_WARN_BOOL_CONVERSION = YES;
				CLANG_WARN_COMMA = YES;
				CLANG_WARN_CONSTANT_CONVERSION = YES;
				CLANG_WARN_DEPRECATED_OBJC_IMPLEMENTATIONS = YES;
				CLANG_WARN_DIRECT_OBJC_ISA_USAGE = YES_ERROR;
				CLANG_WARN_DOCUMENTATION_COMMENTS = YES;
				CLANG_WARN_EMPTY_BODY = YES;
				CLANG_WARN_ENUM_CONVERSION = YES;
				CLANG_WARN_INFINITE_RECURSION = YES;
				CLANG_WARN_INT_CONVERSION = YES;
				CLANG_WARN_NON_LITERAL_NULL_CONVERSION = YES;
				CLANG_WARN_OBJC_IMPLICIT_RETAIN_SELF = YES;
				CLANG_WARN_OBJC_LITERAL_CONVERSION = YES;
				CLANG_WARN_OBJC_ROOT_CLASS = YES_ERROR;
				CLANG_WARN_QUOTED_INCLUDE_IN_FRAMEWORK_HEADER = YES;
				CLANG_WARN_RANGE_LOOP_ANALYSIS = YES;
				CLANG_WARN_STRICT_PROTOTYPES = YES;
				CLANG_WARN_SUSPICIOUS_MOVE = YES;
				CLANG_WARN_UNGUARDED_AVAILABILITY = YES_AGGRESSIVE;
				CLANG_WARN_UNREACHABLE_CODE = YES;
				CLANG_WARN__DUPLICATE_METHOD_MATCH = YES;
				COPY_PHASE_STRIP = NO;
				DEBUG_INFORMATION_FORMAT = "dwarf-with-dsym";
				ENABLE_NS_ASSERTIONS = NO;
				ENABLE_STRICT_OBJC_MSGSEND = YES;
				GCC_C_LANGUAGE_STANDARD = gnu11;
				GCC_NO_COMMON_BLOCKS = YES;
				GCC_WARN_64_TO_32_BIT_CONVERSION = YES;
				GCC_WARN_ABOUT_RETURN_TYPE = YES_ERROR;
				GCC_WARN_UNDECLARED_SELECTOR = YES;
				GCC_WARN_UNINITIALIZED_AUTOS = YES_AGGRESSIVE;
				GCC_WARN_UNUSED_FUNCTION = YES;
				GCC_WARN_UNUSED_VARIABLE = YES;
				IPHONEOS_DEPLOYMENT_TARGET = 13.6;
				MTL_ENABLE_DEBUG_INFO = NO;
				MTL_FAST_MATH = YES;
				SDKROOT = iphoneos;
				SWIFT_COMPILATION_MODE = wholemodule;
				SWIFT_OPTIMIZATION_LEVEL = "-O";
				VALIDATE_PRODUCT = YES;
			};
			name = Release;
		};
		09F6713724F4DD0500C329BA /* Debug */ = {
			isa = XCBuildConfiguration;
			baseConfigurationReference = 60FF66C011FABA89A5ADB513 /* Pods-Clock.debug.xcconfig */;
			buildSettings = {
				ASSETCATALOG_COMPILER_APPICON_NAME = AppIcon;
				CODE_SIGN_STYLE = Automatic;
				DEVELOPMENT_TEAM = PJBUF7JSHK;
				INFOPLIST_FILE = Clock/Miscs/Info.plist;
				LD_RUNPATH_SEARCH_PATHS = (
					"$(inherited)",
					"@executable_path/Frameworks",
				);
				PRODUCT_BUNDLE_IDENTIFIER = io.github.lilikazine.Clock;
				PRODUCT_NAME = "$(TARGET_NAME)";
				SWIFT_VERSION = 5.0;
				TARGETED_DEVICE_FAMILY = "1,2";
			};
			name = Debug;
		};
		09F6713824F4DD0500C329BA /* Release */ = {
			isa = XCBuildConfiguration;
			baseConfigurationReference = 6B5A8DEE6717B61CD2EE9130 /* Pods-Clock.release.xcconfig */;
			buildSettings = {
				ASSETCATALOG_COMPILER_APPICON_NAME = AppIcon;
				CODE_SIGN_STYLE = Automatic;
				DEVELOPMENT_TEAM = PJBUF7JSHK;
				INFOPLIST_FILE = Clock/Miscs/Info.plist;
				LD_RUNPATH_SEARCH_PATHS = (
					"$(inherited)",
					"@executable_path/Frameworks",
				);
				PRODUCT_BUNDLE_IDENTIFIER = io.github.lilikazine.Clock;
				PRODUCT_NAME = "$(TARGET_NAME)";
				SWIFT_VERSION = 5.0;
				TARGETED_DEVICE_FAMILY = "1,2";
			};
			name = Release;
		};
/* End XCBuildConfiguration section */

/* Begin XCConfigurationList section */
		09F6711D24F4DD0400C329BA /* Build configuration list for PBXProject "Clock" */ = {
			isa = XCConfigurationList;
			buildConfigurations = (
				09F6713424F4DD0500C329BA /* Debug */,
				09F6713524F4DD0500C329BA /* Release */,
			);
			defaultConfigurationIsVisible = 0;
			defaultConfigurationName = Release;
		};
		09F6713624F4DD0500C329BA /* Build configuration list for PBXNativeTarget "Clock" */ = {
			isa = XCConfigurationList;
			buildConfigurations = (
				09F6713724F4DD0500C329BA /* Debug */,
				09F6713824F4DD0500C329BA /* Release */,
			);
			defaultConfigurationIsVisible = 0;
			defaultConfigurationName = Release;
		};
/* End XCConfigurationList section */

/* Begin XCVersionGroup section */
		6CAD1F29251B1C2A003B7B72 /* CoreModel.xcdatamodeld */ = {
			isa = XCVersionGroup;
			children = (
				6CAD1F2A251B1C2A003B7B72 /* AlbumModel.xcdatamodel */,
			);
			currentVersion = 6CAD1F2A251B1C2A003B7B72 /* AlbumModel.xcdatamodel */;
			path = CoreModel.xcdatamodeld;
			sourceTree = "<group>";
			versionGroupType = wrapper.xcdatamodel;
		};
/* End XCVersionGroup section */
	};
	rootObject = 09F6711A24F4DD0400C329BA /* Project object */;
}
